// !$*UTF8*$!
{
	archiveVersion = 1;
	classes = {
	};
	objectVersion = 46;
	objects = {

/* Begin PBXBuildFile section */
		E74677B21A52D05500C237AA /* BasicImageInterpolator.swift in Sources */ = {isa = PBXBuildFile; fileRef = E74677A11A52D05500C237AA /* BasicImageInterpolator.swift */; };
		E74677B31A52D05500C237AA /* BasicInterpolator.swift in Sources */ = {isa = PBXBuildFile; fileRef = E74677A21A52D05500C237AA /* BasicInterpolator.swift */; };
		E74677B41A52D05500C237AA /* BasicInterpolatorFactory.swift in Sources */ = {isa = PBXBuildFile; fileRef = E74677A31A52D05500C237AA /* BasicInterpolatorFactory.swift */; };
		E74677B51A52D05500C237AA /* BasicNumberInterpolator.swift in Sources */ = {isa = PBXBuildFile; fileRef = E74677A41A52D05500C237AA /* BasicNumberInterpolator.swift */; };
		E74677B61A52D05500C237AA /* BasicValueInterpolator.swift in Sources */ = {isa = PBXBuildFile; fileRef = E74677A51A52D05500C237AA /* BasicValueInterpolator.swift */; };
		E74677B71A52D05500C237AA /* Interpolator.swift in Sources */ = {isa = PBXBuildFile; fileRef = E74677A61A52D05500C237AA /* Interpolator.swift */; };
		E74677B81A52D05500C237AA /* InterpolatorAbstractFactory.swift in Sources */ = {isa = PBXBuildFile; fileRef = E74677A71A52D05500C237AA /* InterpolatorAbstractFactory.swift */; };
		E74677B91A52D05500C237AA /* KeyframeImageInterpolator.swift in Sources */ = {isa = PBXBuildFile; fileRef = E74677A91A52D05500C237AA /* KeyframeImageInterpolator.swift */; };
		E74677BA1A52D05500C237AA /* KeyframeInterpolator.swift in Sources */ = {isa = PBXBuildFile; fileRef = E74677AA1A52D05500C237AA /* KeyframeInterpolator.swift */; };
		E74677BB1A52D05500C237AA /* KeyframeInterpolatorFactory.swift in Sources */ = {isa = PBXBuildFile; fileRef = E74677AB1A52D05500C237AA /* KeyframeInterpolatorFactory.swift */; };
		E74677BC1A52D05500C237AA /* KeyframeNumberInterpolator.swift in Sources */ = {isa = PBXBuildFile; fileRef = E74677AC1A52D05500C237AA /* KeyframeNumberInterpolator.swift */; };
		E74677BD1A52D05500C237AA /* KeyframeValueInterpolator.swift in Sources */ = {isa = PBXBuildFile; fileRef = E74677AD1A52D05500C237AA /* KeyframeValueInterpolator.swift */; };
		E74677BE1A52D05500C237AA /* ScrollableAnimation.swift in Sources */ = {isa = PBXBuildFile; fileRef = E74677AE1A52D05500C237AA /* ScrollableAnimation.swift */; };
		E74677BF1A52D05500C237AA /* ScrollableAnimationController.swift in Sources */ = {isa = PBXBuildFile; fileRef = E74677AF1A52D05500C237AA /* ScrollableAnimationController.swift */; };
		E74677C01A52D05500C237AA /* TweenBlock.swift in Sources */ = {isa = PBXBuildFile; fileRef = E74677B11A52D05500C237AA /* TweenBlock.swift */; };
		E74677C11A52FCEF00C237AA /* ScrollableAnimationController.swift in Sources */ = {isa = PBXBuildFile; fileRef = E74677AF1A52D05500C237AA /* ScrollableAnimationController.swift */; };
		E74677C51A52FDFB00C237AA /* ScrollableAnimationTests.swift in Sources */ = {isa = PBXBuildFile; fileRef = E74677C41A52FDFB00C237AA /* ScrollableAnimationTests.swift */; };
		E74677C61A52FF4900C237AA /* TweenBlock.swift in Sources */ = {isa = PBXBuildFile; fileRef = E74677B11A52D05500C237AA /* TweenBlock.swift */; };
		E74677C71A52FF5F00C237AA /* ScrollableAnimation.swift in Sources */ = {isa = PBXBuildFile; fileRef = E74677AE1A52D05500C237AA /* ScrollableAnimation.swift */; };
		E74677C81A5302EE00C237AA /* BasicImageInterpolator.swift in Sources */ = {isa = PBXBuildFile; fileRef = E74677A11A52D05500C237AA /* BasicImageInterpolator.swift */; };
		E74677C91A5302F100C237AA /* BasicInterpolator.swift in Sources */ = {isa = PBXBuildFile; fileRef = E74677A21A52D05500C237AA /* BasicInterpolator.swift */; };
		E74677CA1A5302F400C237AA /* BasicInterpolatorFactory.swift in Sources */ = {isa = PBXBuildFile; fileRef = E74677A31A52D05500C237AA /* BasicInterpolatorFactory.swift */; };
		E74677CB1A5302F700C237AA /* BasicNumberInterpolator.swift in Sources */ = {isa = PBXBuildFile; fileRef = E74677A41A52D05500C237AA /* BasicNumberInterpolator.swift */; };
		E74677CC1A5302FA00C237AA /* BasicValueInterpolator.swift in Sources */ = {isa = PBXBuildFile; fileRef = E74677A51A52D05500C237AA /* BasicValueInterpolator.swift */; };
		E74677CD1A5302FE00C237AA /* Interpolator.swift in Sources */ = {isa = PBXBuildFile; fileRef = E74677A61A52D05500C237AA /* Interpolator.swift */; };
		E74677CE1A53030100C237AA /* InterpolatorAbstractFactory.swift in Sources */ = {isa = PBXBuildFile; fileRef = E74677A71A52D05500C237AA /* InterpolatorAbstractFactory.swift */; };
		E74677CF1A53030500C237AA /* KeyframeImageInterpolator.swift in Sources */ = {isa = PBXBuildFile; fileRef = E74677A91A52D05500C237AA /* KeyframeImageInterpolator.swift */; };
		E74677D01A53030900C237AA /* KeyframeInterpolator.swift in Sources */ = {isa = PBXBuildFile; fileRef = E74677AA1A52D05500C237AA /* KeyframeInterpolator.swift */; };
		E74677D11A53031400C237AA /* KeyframeNumberInterpolator.swift in Sources */ = {isa = PBXBuildFile; fileRef = E74677AC1A52D05500C237AA /* KeyframeNumberInterpolator.swift */; };
		E74677D21A53031700C237AA /* KeyframeValueInterpolator.swift in Sources */ = {isa = PBXBuildFile; fileRef = E74677AD1A52D05500C237AA /* KeyframeValueInterpolator.swift */; };
		E74677D31A53032C00C237AA /* KeyframeInterpolatorFactory.swift in Sources */ = {isa = PBXBuildFile; fileRef = E74677AB1A52D05500C237AA /* KeyframeInterpolatorFactory.swift */; };
		E746AD311A50396200C790B4 /* AppDelegate.swift in Sources */ = {isa = PBXBuildFile; fileRef = E746AD301A50396200C790B4 /* AppDelegate.swift */; };
		E746AD331A50396200C790B4 /* ViewController.swift in Sources */ = {isa = PBXBuildFile; fileRef = E746AD321A50396200C790B4 /* ViewController.swift */; };
		E746AD361A50396300C790B4 /* Main.storyboard in Resources */ = {isa = PBXBuildFile; fileRef = E746AD341A50396300C790B4 /* Main.storyboard */; };
		E746AD381A50396300C790B4 /* Images.xcassets in Resources */ = {isa = PBXBuildFile; fileRef = E746AD371A50396300C790B4 /* Images.xcassets */; };
		E746AD3B1A50396300C790B4 /* LaunchScreen.xib in Resources */ = {isa = PBXBuildFile; fileRef = E746AD391A50396300C790B4 /* LaunchScreen.xib */; };
		E746AD471A50396600C790B4 /* ScrollableAnimationExampleTests.swift in Sources */ = {isa = PBXBuildFile; fileRef = E746AD461A50396600C790B4 /* ScrollableAnimationExampleTests.swift */; };
		E7EED7691A55C9470021607F /* InterpolatorTests.swift in Sources */ = {isa = PBXBuildFile; fileRef = E7EED7681A55C9470021607F /* InterpolatorTests.swift */; };
/* End PBXBuildFile section */

/* Begin PBXContainerItemProxy section */
		E746AD411A50396500C790B4 /* PBXContainerItemProxy */ = {
			isa = PBXContainerItemProxy;
			containerPortal = E746AD231A50396200C790B4 /* Project object */;
			proxyType = 1;
			remoteGlobalIDString = E746AD2A1A50396200C790B4;
			remoteInfo = ScrollableAnimationExample;
		};
/* End PBXContainerItemProxy section */

/* Begin PBXFileReference section */
		E74677A11A52D05500C237AA /* BasicImageInterpolator.swift */ = {isa = PBXFileReference; fileEncoding = 4; lastKnownFileType = sourcecode.swift; path = BasicImageInterpolator.swift; sourceTree = "<group>"; };
		E74677A21A52D05500C237AA /* BasicInterpolator.swift */ = {isa = PBXFileReference; fileEncoding = 4; lastKnownFileType = sourcecode.swift; path = BasicInterpolator.swift; sourceTree = "<group>"; };
		E74677A31A52D05500C237AA /* BasicInterpolatorFactory.swift */ = {isa = PBXFileReference; fileEncoding = 4; lastKnownFileType = sourcecode.swift; path = BasicInterpolatorFactory.swift; sourceTree = "<group>"; };
		E74677A41A52D05500C237AA /* BasicNumberInterpolator.swift */ = {isa = PBXFileReference; fileEncoding = 4; lastKnownFileType = sourcecode.swift; path = BasicNumberInterpolator.swift; sourceTree = "<group>"; };
		E74677A51A52D05500C237AA /* BasicValueInterpolator.swift */ = {isa = PBXFileReference; fileEncoding = 4; lastKnownFileType = sourcecode.swift; path = BasicValueInterpolator.swift; sourceTree = "<group>"; };
		E74677A61A52D05500C237AA /* Interpolator.swift */ = {isa = PBXFileReference; fileEncoding = 4; lastKnownFileType = sourcecode.swift; path = Interpolator.swift; sourceTree = "<group>"; };
		E74677A71A52D05500C237AA /* InterpolatorAbstractFactory.swift */ = {isa = PBXFileReference; fileEncoding = 4; lastKnownFileType = sourcecode.swift; path = InterpolatorAbstractFactory.swift; sourceTree = "<group>"; };
		E74677A91A52D05500C237AA /* KeyframeImageInterpolator.swift */ = {isa = PBXFileReference; fileEncoding = 4; lastKnownFileType = sourcecode.swift; path = KeyframeImageInterpolator.swift; sourceTree = "<group>"; };
		E74677AA1A52D05500C237AA /* KeyframeInterpolator.swift */ = {isa = PBXFileReference; fileEncoding = 4; lastKnownFileType = sourcecode.swift; path = KeyframeInterpolator.swift; sourceTree = "<group>"; };
		E74677AB1A52D05500C237AA /* KeyframeInterpolatorFactory.swift */ = {isa = PBXFileReference; fileEncoding = 4; lastKnownFileType = sourcecode.swift; path = KeyframeInterpolatorFactory.swift; sourceTree = "<group>"; };
		E74677AC1A52D05500C237AA /* KeyframeNumberInterpolator.swift */ = {isa = PBXFileReference; fileEncoding = 4; lastKnownFileType = sourcecode.swift; path = KeyframeNumberInterpolator.swift; sourceTree = "<group>"; };
		E74677AD1A52D05500C237AA /* KeyframeValueInterpolator.swift */ = {isa = PBXFileReference; fileEncoding = 4; lastKnownFileType = sourcecode.swift; path = KeyframeValueInterpolator.swift; sourceTree = "<group>"; };
		E74677AE1A52D05500C237AA /* ScrollableAnimation.swift */ = {isa = PBXFileReference; fileEncoding = 4; lastKnownFileType = sourcecode.swift; path = ScrollableAnimation.swift; sourceTree = "<group>"; };
		E74677AF1A52D05500C237AA /* ScrollableAnimationController.swift */ = {isa = PBXFileReference; fileEncoding = 4; lastKnownFileType = sourcecode.swift; path = ScrollableAnimationController.swift; sourceTree = "<group>"; };
		E74677B11A52D05500C237AA /* TweenBlock.swift */ = {isa = PBXFileReference; fileEncoding = 4; lastKnownFileType = sourcecode.swift; path = TweenBlock.swift; sourceTree = "<group>"; };
		E74677C41A52FDFB00C237AA /* ScrollableAnimationTests.swift */ = {isa = PBXFileReference; fileEncoding = 4; lastKnownFileType = sourcecode.swift; path = ScrollableAnimationTests.swift; sourceTree = "<group>"; };
		E746AD2B1A50396200C790B4 /* ScrollableAnimationExample.app */ = {isa = PBXFileReference; explicitFileType = wrapper.application; includeInIndex = 0; path = ScrollableAnimationExample.app; sourceTree = BUILT_PRODUCTS_DIR; };
		E746AD2F1A50396200C790B4 /* Info.plist */ = {isa = PBXFileReference; lastKnownFileType = text.plist.xml; path = Info.plist; sourceTree = "<group>"; };
		E746AD301A50396200C790B4 /* AppDelegate.swift */ = {isa = PBXFileReference; lastKnownFileType = sourcecode.swift; path = AppDelegate.swift; sourceTree = "<group>"; };
		E746AD321A50396200C790B4 /* ViewController.swift */ = {isa = PBXFileReference; lastKnownFileType = sourcecode.swift; path = ViewController.swift; sourceTree = "<group>"; };
		E746AD351A50396300C790B4 /* Base */ = {isa = PBXFileReference; lastKnownFileType = file.storyboard; name = Base; path = Base.lproj/Main.storyboard; sourceTree = "<group>"; };
		E746AD371A50396300C790B4 /* Images.xcassets */ = {isa = PBXFileReference; lastKnownFileType = folder.assetcatalog; path = Images.xcassets; sourceTree = "<group>"; };
		E746AD3A1A50396300C790B4 /* Base */ = {isa = PBXFileReference; lastKnownFileType = file.xib; name = Base; path = Base.lproj/LaunchScreen.xib; sourceTree = "<group>"; };
		E746AD401A50396500C790B4 /* ScrollableAnimationExampleTests.xctest */ = {isa = PBXFileReference; explicitFileType = wrapper.cfbundle; includeInIndex = 0; path = ScrollableAnimationExampleTests.xctest; sourceTree = BUILT_PRODUCTS_DIR; };
		E746AD451A50396600C790B4 /* Info.plist */ = {isa = PBXFileReference; lastKnownFileType = text.plist.xml; path = Info.plist; sourceTree = "<group>"; };
		E746AD461A50396600C790B4 /* ScrollableAnimationExampleTests.swift */ = {isa = PBXFileReference; lastKnownFileType = sourcecode.swift; path = ScrollableAnimationExampleTests.swift; sourceTree = "<group>"; };
		E7EED7681A55C9470021607F /* InterpolatorTests.swift */ = {isa = PBXFileReference; fileEncoding = 4; lastKnownFileType = sourcecode.swift; path = InterpolatorTests.swift; sourceTree = "<group>"; };
/* End PBXFileReference section */

/* Begin PBXFrameworksBuildPhase section */
		E746AD281A50396200C790B4 /* Frameworks */ = {
			isa = PBXFrameworksBuildPhase;
			buildActionMask = 2147483647;
			files = (
			);
			runOnlyForDeploymentPostprocessing = 0;
		};
		E746AD3D1A50396500C790B4 /* Frameworks */ = {
			isa = PBXFrameworksBuildPhase;
			buildActionMask = 2147483647;
			files = (
			);
			runOnlyForDeploymentPostprocessing = 0;
		};
/* End PBXFrameworksBuildPhase section */

/* Begin PBXGroup section */
		E746779A1A52C18D00C237AA /* Tests */ = {
			isa = PBXGroup;
			children = (
				E74677C41A52FDFB00C237AA /* ScrollableAnimationTests.swift */,
				E7EED7681A55C9470021607F /* InterpolatorTests.swift */,
			);
			path = Tests;
			sourceTree = "<group>";
		};
		E746779D1A52D05500C237AA /* Source */ = {
			isa = PBXGroup;
			children = (
				E746779E1A52D05500C237AA /* Animation */,
				E74677B01A52D05500C237AA /* Tween */,
			);
			path = Source;
			sourceTree = "<group>";
		};
		E746779E1A52D05500C237AA /* Animation */ = {
			isa = PBXGroup;
			children = (
				E746779F1A52D05500C237AA /* Interpolators */,
				E74677AE1A52D05500C237AA /* ScrollableAnimation.swift */,
				E74677AF1A52D05500C237AA /* ScrollableAnimationController.swift */,
			);
			path = Animation;
			sourceTree = "<group>";
		};
		E746779F1A52D05500C237AA /* Interpolators */ = {
			isa = PBXGroup;
			children = (
				E74677A61A52D05500C237AA /* Interpolator.swift */,
				E74677A71A52D05500C237AA /* InterpolatorAbstractFactory.swift */,
				E74677A01A52D05500C237AA /* BasicInterpolator */,
				E74677A81A52D05500C237AA /* keyframeInterpolator */,
			);
			path = Interpolators;
			sourceTree = "<group>";
		};
		E74677A01A52D05500C237AA /* BasicInterpolator */ = {
			isa = PBXGroup;
			children = (
				E74677A21A52D05500C237AA /* BasicInterpolator.swift */,
				E74677A31A52D05500C237AA /* BasicInterpolatorFactory.swift */,
				E74677A41A52D05500C237AA /* BasicNumberInterpolator.swift */,
				E74677A51A52D05500C237AA /* BasicValueInterpolator.swift */,
				E74677A11A52D05500C237AA /* BasicImageInterpolator.swift */,
			);
			path = BasicInterpolator;
			sourceTree = "<group>";
		};
		E74677A81A52D05500C237AA /* keyframeInterpolator */ = {
			isa = PBXGroup;
			children = (
				E74677AA1A52D05500C237AA /* KeyframeInterpolator.swift */,
				E74677AB1A52D05500C237AA /* KeyframeInterpolatorFactory.swift */,
				E74677AC1A52D05500C237AA /* KeyframeNumberInterpolator.swift */,
				E74677AD1A52D05500C237AA /* KeyframeValueInterpolator.swift */,
				E74677A91A52D05500C237AA /* KeyframeImageInterpolator.swift */,
			);
			path = keyframeInterpolator;
			sourceTree = "<group>";
		};
		E74677B01A52D05500C237AA /* Tween */ = {
			isa = PBXGroup;
			children = (
				E74677B11A52D05500C237AA /* TweenBlock.swift */,
			);
			path = Tween;
			sourceTree = "<group>";
		};
		E746AD221A50396200C790B4 = {
			isa = PBXGroup;
			children = (
				E746AD501A5039BC00C790B4 /* ScrollableAnimation */,
				E746AD2D1A50396200C790B4 /* ScrollableAnimationExample */,
				E746AD431A50396500C790B4 /* ScrollableAnimationExampleTests */,
				E746AD2C1A50396200C790B4 /* Products */,
			);
			sourceTree = "<group>";
		};
		E746AD2C1A50396200C790B4 /* Products */ = {
			isa = PBXGroup;
			children = (
				E746AD2B1A50396200C790B4 /* ScrollableAnimationExample.app */,
				E746AD401A50396500C790B4 /* ScrollableAnimationExampleTests.xctest */,
			);
			name = Products;
			sourceTree = "<group>";
		};
		E746AD2D1A50396200C790B4 /* ScrollableAnimationExample */ = {
			isa = PBXGroup;
			children = (
				E746AD301A50396200C790B4 /* AppDelegate.swift */,
				E746AD321A50396200C790B4 /* ViewController.swift */,
				E746AD341A50396300C790B4 /* Main.storyboard */,
				E746AD371A50396300C790B4 /* Images.xcassets */,
				E746AD391A50396300C790B4 /* LaunchScreen.xib */,
				E746AD2E1A50396200C790B4 /* Supporting Files */,
			);
			path = ScrollableAnimationExample;
			sourceTree = "<group>";
		};
		E746AD2E1A50396200C790B4 /* Supporting Files */ = {
			isa = PBXGroup;
			children = (
				E746AD2F1A50396200C790B4 /* Info.plist */,
			);
			name = "Supporting Files";
			sourceTree = "<group>";
		};
		E746AD431A50396500C790B4 /* ScrollableAnimationExampleTests */ = {
			isa = PBXGroup;
			children = (
				E746AD461A50396600C790B4 /* ScrollableAnimationExampleTests.swift */,
				E746AD441A50396600C790B4 /* Supporting Files */,
			);
			path = ScrollableAnimationExampleTests;
			sourceTree = "<group>";
		};
		E746AD441A50396600C790B4 /* Supporting Files */ = {
			isa = PBXGroup;
			children = (
				E746AD451A50396600C790B4 /* Info.plist */,
			);
			name = "Supporting Files";
			sourceTree = "<group>";
		};
		E746AD501A5039BC00C790B4 /* ScrollableAnimation */ = {
			isa = PBXGroup;
			children = (
				E746779D1A52D05500C237AA /* Source */,
				E746779A1A52C18D00C237AA /* Tests */,
			);
			path = ScrollableAnimation;
			sourceTree = "<group>";
		};
/* End PBXGroup section */

/* Begin PBXNativeTarget section */
		E746AD2A1A50396200C790B4 /* ScrollableAnimationExample */ = {
			isa = PBXNativeTarget;
			buildConfigurationList = E746AD4A1A50396600C790B4 /* Build configuration list for PBXNativeTarget "ScrollableAnimationExample" */;
			buildPhases = (
				E746AD271A50396200C790B4 /* Sources */,
				E746AD281A50396200C790B4 /* Frameworks */,
				E746AD291A50396200C790B4 /* Resources */,
			);
			buildRules = (
			);
			dependencies = (
			);
			name = ScrollableAnimationExample;
			productName = ScrollableAnimationExample;
			productReference = E746AD2B1A50396200C790B4 /* ScrollableAnimationExample.app */;
			productType = "com.apple.product-type.application";
		};
		E746AD3F1A50396500C790B4 /* ScrollableAnimationExampleTests */ = {
			isa = PBXNativeTarget;
			buildConfigurationList = E746AD4D1A50396600C790B4 /* Build configuration list for PBXNativeTarget "ScrollableAnimationExampleTests" */;
			buildPhases = (
				E746AD3C1A50396500C790B4 /* Sources */,
				E746AD3D1A50396500C790B4 /* Frameworks */,
				E746AD3E1A50396500C790B4 /* Resources */,
			);
			buildRules = (
			);
			dependencies = (
				E746AD421A50396500C790B4 /* PBXTargetDependency */,
			);
			name = ScrollableAnimationExampleTests;
			productName = ScrollableAnimationExampleTests;
			productReference = E746AD401A50396500C790B4 /* ScrollableAnimationExampleTests.xctest */;
			productType = "com.apple.product-type.bundle.unit-test";
		};
/* End PBXNativeTarget section */

/* Begin PBXProject section */
		E746AD231A50396200C790B4 /* Project object */ = {
			isa = PBXProject;
			attributes = {
				LastUpgradeCheck = 0610;
				ORGANIZATIONNAME = kocomputer;
				TargetAttributes = {
					E746AD2A1A50396200C790B4 = {
						CreatedOnToolsVersion = 6.1.1;
					};
					E746AD3F1A50396500C790B4 = {
						CreatedOnToolsVersion = 6.1.1;
						TestTargetID = E746AD2A1A50396200C790B4;
					};
				};
			};
			buildConfigurationList = E746AD261A50396200C790B4 /* Build configuration list for PBXProject "ScrollableAnimationExample" */;
			compatibilityVersion = "Xcode 3.2";
			developmentRegion = English;
			hasScannedForEncodings = 0;
			knownRegions = (
				en,
				Base,
			);
			mainGroup = E746AD221A50396200C790B4;
			productRefGroup = E746AD2C1A50396200C790B4 /* Products */;
			projectDirPath = "";
			projectRoot = "";
			targets = (
				E746AD2A1A50396200C790B4 /* ScrollableAnimationExample */,
				E746AD3F1A50396500C790B4 /* ScrollableAnimationExampleTests */,
			);
		};
/* End PBXProject section */

/* Begin PBXResourcesBuildPhase section */
		E746AD291A50396200C790B4 /* Resources */ = {
			isa = PBXResourcesBuildPhase;
			buildActionMask = 2147483647;
			files = (
				E746AD361A50396300C790B4 /* Main.storyboard in Resources */,
				E746AD3B1A50396300C790B4 /* LaunchScreen.xib in Resources */,
				E746AD381A50396300C790B4 /* Images.xcassets in Resources */,
			);
			runOnlyForDeploymentPostprocessing = 0;
		};
		E746AD3E1A50396500C790B4 /* Resources */ = {
			isa = PBXResourcesBuildPhase;
			buildActionMask = 2147483647;
			files = (
			);
			runOnlyForDeploymentPostprocessing = 0;
		};
/* End PBXResourcesBuildPhase section */

/* Begin PBXSourcesBuildPhase section */
		E746AD271A50396200C790B4 /* Sources */ = {
			isa = PBXSourcesBuildPhase;
			buildActionMask = 2147483647;
			files = (
				E74677B81A52D05500C237AA /* InterpolatorAbstractFactory.swift in Sources */,
				E74677BB1A52D05500C237AA /* KeyframeInterpolatorFactory.swift in Sources */,
				E74677B71A52D05500C237AA /* Interpolator.swift in Sources */,
				E74677BE1A52D05500C237AA /* ScrollableAnimation.swift in Sources */,
				E74677BC1A52D05500C237AA /* KeyframeNumberInterpolator.swift in Sources */,
				E74677C01A52D05500C237AA /* TweenBlock.swift in Sources */,
				E746AD331A50396200C790B4 /* ViewController.swift in Sources */,
				E74677B61A52D05500C237AA /* BasicValueInterpolator.swift in Sources */,
				E74677B91A52D05500C237AA /* KeyframeImageInterpolator.swift in Sources */,
				E746AD311A50396200C790B4 /* AppDelegate.swift in Sources */,
				E74677BD1A52D05500C237AA /* KeyframeValueInterpolator.swift in Sources */,
				E74677B41A52D05500C237AA /* BasicInterpolatorFactory.swift in Sources */,
				E74677B21A52D05500C237AA /* BasicImageInterpolator.swift in Sources */,
				E74677B51A52D05500C237AA /* BasicNumberInterpolator.swift in Sources */,
				E74677BF1A52D05500C237AA /* ScrollableAnimationController.swift in Sources */,
				E74677B31A52D05500C237AA /* BasicInterpolator.swift in Sources */,
				E74677BA1A52D05500C237AA /* KeyframeInterpolator.swift in Sources */,
			);
			runOnlyForDeploymentPostprocessing = 0;
		};
		E746AD3C1A50396500C790B4 /* Sources */ = {
			isa = PBXSourcesBuildPhase;
			buildActionMask = 2147483647;
			files = (
				E746AD471A50396600C790B4 /* ScrollableAnimationExampleTests.swift in Sources */,
				E74677C61A52FF4900C237AA /* TweenBlock.swift in Sources */,
				E74677D11A53031400C237AA /* KeyframeNumberInterpolator.swift in Sources */,
				E74677D01A53030900C237AA /* KeyframeInterpolator.swift in Sources */,
				E74677C11A52FCEF00C237AA /* ScrollableAnimationController.swift in Sources */,
				E74677CC1A5302FA00C237AA /* BasicValueInterpolator.swift in Sources */,
				E74677C71A52FF5F00C237AA /* ScrollableAnimation.swift in Sources */,
				E74677CF1A53030500C237AA /* KeyframeImageInterpolator.swift in Sources */,
				E74677CB1A5302F700C237AA /* BasicNumberInterpolator.swift in Sources */,
				E74677CD1A5302FE00C237AA /* Interpolator.swift in Sources */,
				E74677D31A53032C00C237AA /* KeyframeInterpolatorFactory.swift in Sources */,
				E74677C51A52FDFB00C237AA /* ScrollableAnimationTests.swift in Sources */,
				E7EED7691A55C9470021607F /* InterpolatorTests.swift in Sources */,
				E74677C91A5302F100C237AA /* BasicInterpolator.swift in Sources */,
				E74677CE1A53030100C237AA /* InterpolatorAbstractFactory.swift in Sources */,
				E74677CA1A5302F400C237AA /* BasicInterpolatorFactory.swift in Sources */,
				E74677D21A53031700C237AA /* KeyframeValueInterpolator.swift in Sources */,
				E74677C81A5302EE00C237AA /* BasicImageInterpolator.swift in Sources */,
			);
			runOnlyForDeploymentPostprocessing = 0;
		};
/* End PBXSourcesBuildPhase section */

/* Begin PBXTargetDependency section */
		E746AD421A50396500C790B4 /* PBXTargetDependency */ = {
			isa = PBXTargetDependency;
			target = E746AD2A1A50396200C790B4 /* ScrollableAnimationExample */;
			targetProxy = E746AD411A50396500C790B4 /* PBXContainerItemProxy */;
		};
/* End PBXTargetDependency section */

/* Begin PBXVariantGroup section */
		E746AD341A50396300C790B4 /* Main.storyboard */ = {
			isa = PBXVariantGroup;
			children = (
				E746AD351A50396300C790B4 /* Base */,
			);
			name = Main.storyboard;
			sourceTree = "<group>";
		};
		E746AD391A50396300C790B4 /* LaunchScreen.xib */ = {
			isa = PBXVariantGroup;
			children = (
				E746AD3A1A50396300C790B4 /* Base */,
			);
			name = LaunchScreen.xib;
			sourceTree = "<group>";
		};
/* End PBXVariantGroup section */

/* Begin XCBuildConfiguration section */
		E746AD481A50396600C790B4 /* Debug */ = {
			isa = XCBuildConfiguration;
			buildSettings = {
				ALWAYS_SEARCH_USER_PATHS = NO;
				CLANG_CXX_LANGUAGE_STANDARD = "gnu++0x";
				CLANG_CXX_LIBRARY = "libc++";
				CLANG_ENABLE_MODULES = YES;
				CLANG_ENABLE_OBJC_ARC = YES;
				CLANG_WARN_BOOL_CONVERSION = YES;
				CLANG_WARN_CONSTANT_CONVERSION = YES;
				CLANG_WARN_DIRECT_OBJC_ISA_USAGE = YES_ERROR;
				CLANG_WARN_EMPTY_BODY = YES;
				CLANG_WARN_ENUM_CONVERSION = YES;
				CLANG_WARN_INT_CONVERSION = YES;
				CLANG_WARN_OBJC_ROOT_CLASS = YES_ERROR;
				CLANG_WARN_UNREACHABLE_CODE = YES;
				CLANG_WARN__DUPLICATE_METHOD_MATCH = YES;
				"CODE_SIGN_IDENTITY[sdk=iphoneos*]" = "iPhone Developer";
				COPY_PHASE_STRIP = NO;
				ENABLE_STRICT_OBJC_MSGSEND = YES;
				GCC_C_LANGUAGE_STANDARD = gnu99;
				GCC_DYNAMIC_NO_PIC = NO;
				GCC_OPTIMIZATION_LEVEL = 0;
				GCC_PREPROCESSOR_DEFINITIONS = (
					"DEBUG=1",
					"$(inherited)",
				);
				GCC_SYMBOLS_PRIVATE_EXTERN = NO;
				GCC_WARN_64_TO_32_BIT_CONVERSION = YES;
				GCC_WARN_ABOUT_RETURN_TYPE = YES_ERROR;
				GCC_WARN_UNDECLARED_SELECTOR = YES;
				GCC_WARN_UNINITIALIZED_AUTOS = YES_AGGRESSIVE;
				GCC_WARN_UNUSED_FUNCTION = YES;
				GCC_WARN_UNUSED_VARIABLE = YES;
				IPHONEOS_DEPLOYMENT_TARGET = 8.0;
				MTL_ENABLE_DEBUG_INFO = YES;
				ONLY_ACTIVE_ARCH = YES;
				SDKROOT = iphoneos;
				SWIFT_OPTIMIZATION_LEVEL = "-Onone";
				TARGETED_DEVICE_FAMILY = "1,2";
			};
			name = Debug;
		};
		E746AD491A50396600C790B4 /* Release */ = {
			isa = XCBuildConfiguration;
			buildSettings = {
				ALWAYS_SEARCH_USER_PATHS = NO;
				CLANG_CXX_LANGUAGE_STANDARD = "gnu++0x";
				CLANG_CXX_LIBRARY = "libc++";
				CLANG_ENABLE_MODULES = YES;
				CLANG_ENABLE_OBJC_ARC = YES;
				CLANG_WARN_BOOL_CONVERSION = YES;
				CLANG_WARN_CONSTANT_CONVERSION = YES;
				CLANG_WARN_DIRECT_OBJC_ISA_USAGE = YES_ERROR;
				CLANG_WARN_EMPTY_BODY = YES;
				CLANG_WARN_ENUM_CONVERSION = YES;
				CLANG_WARN_INT_CONVERSION = YES;
				CLANG_WARN_OBJC_ROOT_CLASS = YES_ERROR;
				CLANG_WARN_UNREACHABLE_CODE = YES;
				CLANG_WARN__DUPLICATE_METHOD_MATCH = YES;
				"CODE_SIGN_IDENTITY[sdk=iphoneos*]" = "iPhone Developer";
				COPY_PHASE_STRIP = YES;
				ENABLE_NS_ASSERTIONS = NO;
				ENABLE_STRICT_OBJC_MSGSEND = YES;
				GCC_C_LANGUAGE_STANDARD = gnu99;
				GCC_WARN_64_TO_32_BIT_CONVERSION = YES;
				GCC_WARN_ABOUT_RETURN_TYPE = YES_ERROR;
				GCC_WARN_UNDECLARED_SELECTOR = YES;
				GCC_WARN_UNINITIALIZED_AUTOS = YES_AGGRESSIVE;
				GCC_WARN_UNUSED_FUNCTION = YES;
				GCC_WARN_UNUSED_VARIABLE = YES;
				IPHONEOS_DEPLOYMENT_TARGET = 8.0;
				MTL_ENABLE_DEBUG_INFO = NO;
				SDKROOT = iphoneos;
				TARGETED_DEVICE_FAMILY = "1,2";
				VALIDATE_PRODUCT = YES;
			};
			name = Release;
		};
		E746AD4B1A50396600C790B4 /* Debug */ = {
			isa = XCBuildConfiguration;
			buildSettings = {
				ASSETCATALOG_COMPILER_APPICON_NAME = AppIcon;
				INFOPLIST_FILE = ScrollableAnimationExample/Info.plist;
				LD_RUNPATH_SEARCH_PATHS = "$(inherited) @executable_path/Frameworks";
				PRODUCT_NAME = "$(TARGET_NAME)";
			};
			name = Debug;
		};
		E746AD4C1A50396600C790B4 /* Release */ = {
			isa = XCBuildConfiguration;
			buildSettings = {
				ASSETCATALOG_COMPILER_APPICON_NAME = AppIcon;
				INFOPLIST_FILE = ScrollableAnimationExample/Info.plist;
				LD_RUNPATH_SEARCH_PATHS = "$(inherited) @executable_path/Frameworks";
				PRODUCT_NAME = "$(TARGET_NAME)";
			};
			name = Release;
		};
		E746AD4E1A50396600C790B4 /* Debug */ = {
			isa = XCBuildConfiguration;
			buildSettings = {
				BUNDLE_LOADER = "$(TEST_HOST)";
				FRAMEWORK_SEARCH_PATHS = (
					"$(SDKROOT)/Developer/Library/Frameworks",
					"$(inherited)",
				);
				GCC_PREPROCESSOR_DEFINITIONS = (
					"DEBUG=1",
					"$(inherited)",
				);
				INFOPLIST_FILE = ScrollableAnimationExampleTests/Info.plist;
				LD_RUNPATH_SEARCH_PATHS = "$(inherited) @executable_path/Frameworks @loader_path/Frameworks";
				PRODUCT_NAME = "$(TARGET_NAME)";
				TEST_HOST = "$(BUILT_PRODUCTS_DIR)/ScrollableAnimationExample.app/ScrollableAnimationExample";
			};
			name = Debug;
		};
		E746AD4F1A50396600C790B4 /* Release */ = {
			isa = XCBuildConfiguration;
			buildSettings = {
				BUNDLE_LOADER = "$(TEST_HOST)";
				FRAMEWORK_SEARCH_PATHS = (
					"$(SDKROOT)/Developer/Library/Frameworks",
					"$(inherited)",
				);
				INFOPLIST_FILE = ScrollableAnimationExampleTests/Info.plist;
				LD_RUNPATH_SEARCH_PATHS = "$(inherited) @executable_path/Frameworks @loader_path/Frameworks";
				PRODUCT_NAME = "$(TARGET_NAME)";
				TEST_HOST = "$(BUILT_PRODUCTS_DIR)/ScrollableAnimationExample.app/ScrollableAnimationExample";
			};
			name = Release;
		};
/* End XCBuildConfiguration section */

/* Begin XCConfigurationList section */
		E746AD261A50396200C790B4 /* Build configuration list for PBXProject "ScrollableAnimationExample" */ = {
			isa = XCConfigurationList;
			buildConfigurations = (
				E746AD481A50396600C790B4 /* Debug */,
				E746AD491A50396600C790B4 /* Release */,
			);
			defaultConfigurationIsVisible = 0;
			defaultConfigurationName = Release;
		};
		E746AD4A1A50396600C790B4 /* Build configuration list for PBXNativeTarget "ScrollableAnimationExample" */ = {
			isa = XCConfigurationList;
			buildConfigurations = (
				E746AD4B1A50396600C790B4 /* Debug */,
				E746AD4C1A50396600C790B4 /* Release */,
			);
			defaultConfigurationIsVisible = 0;
			defaultConfigurationName = Release;
		};
		E746AD4D1A50396600C790B4 /* Build configuration list for PBXNativeTarget "ScrollableAnimationExampleTests" */ = {
			isa = XCConfigurationList;
			buildConfigurations = (
				E746AD4E1A50396600C790B4 /* Debug */,
				E746AD4F1A50396600C790B4 /* Release */,
			);
			defaultConfigurationIsVisible = 0;
			defaultConfigurationName = Release;
		};
/* End XCConfigurationList section */
	};
	rootObject = E746AD231A50396200C790B4 /* Project object */;
}
